{
  "name": "read-image",
  "version": "0.0.2",
  "lockfileVersion": 2,
  "requires": true,
  "packages": {
    "": {
      "version": "0.0.2",
      "license": "CC0-1.0",
      "dependencies": {
        "get-byte": "*",
        "read-jpg": "^0.0.2",
        "read-png": "^0.0.1"
      },
      "devDependencies": {
        "flug": "*"
      }
    },
    "node_modules/flug": {
      "version": "0.0.0",
      "resolved": "https://registry.npmjs.org/flug/-/flug-0.0.0.tgz",
      "integrity": "sha512-gTVGq4akhHvjG6jfPsnhDraweN+WBwxYrCgn9ZqVv36Y+r/yj6TJwwV/BhSsBAQdHoBmB+TmgQRO0MoKQwUoWA==",
      "dev": true
    },
    "node_modules/get-byte": {
      "version": "0.0.0",
      "resolved": "https://registry.npmjs.org/get-byte/-/get-byte-0.0.0.tgz",
      "integrity": "sha512-dFdDPbQR4zCgSxsmMEjVrLHtvSdTVqb2JUfcZ8KYhXUQD8eiE7uTgeHzse5K479Kd8IIRt6503+2gmQhahvJyg=="
    },
    "node_modules/jpeg-js": {
      "version": "0.4.3",
      "resolved": "https://registry.npmjs.org/jpeg-js/-/jpeg-js-0.4.3.tgz",
      "integrity": "sha512-ru1HWKek8octvUHFHvE5ZzQ1yAsJmIvRdGWvSoKV52XKyuyYA437QWDttXT8eZXDSbuMpHlLzPDZUPd6idIz+Q=="
    },
    "node_modules/pngjs": {
      "version": "6.0.0",
      "resolved": "https://registry.npmjs.org/pngjs/-/pngjs-6.0.0.tgz",
      "integrity": "sha512-TRzzuFRRmEoSW/p1KVAmiOgPco2Irlah+bGFCeNfJXxxYGwSw7YwAOAcd7X28K/m5bjBWKsC29KyoMfHbypayg==",
      "engines": {
        "node": ">=12.13.0"
      }
    },
    "node_modules/read-jpg": {
      "version": "0.0.2",
      "resolved": "https://registry.npmjs.org/read-jpg/-/read-jpg-0.0.2.tgz",
      "integrity": "sha512-epb/BC8aDw7tKzpRAXijHA2IWvY4ATswaoAwlpg0LXKhyPob2QmcMbqfQqayM8fLzB/NShc57KNZd9hJtHk2QQ==",
      "dependencies": {
        "jpeg-js": "^0.4.2",
        "read-pixels": "^0.2.1",
        "toab": "^2.2.0"
      }
    },
    "node_modules/read-pixels": {
      "version": "0.2.1",
      "resolved": "https://registry.npmjs.org/read-pixels/-/read-pixels-0.2.1.tgz",
      "integrity": "sha512-RXhVn32gc40fDedt6WKJkNuIc+DoP4DjH/ORXcVPeURyBcKIOW4JfSlqnryhB7PF8heeqhnPyG7odqI2ZVEcYA=="
    },
    "node_modules/read-png": {
      "version": "0.0.1",
      "resolved": "https://registry.npmjs.org/read-png/-/read-png-0.0.1.tgz",
      "integrity": "sha512-drSovPN9mxxcqg6+44fyV0LKh94gUQCz6V2k7Pua7uKJ0JMR9ZQX5xZA2RRp/WwpHC9zjAwVHcYSFrlSbZzNiA==",
      "dependencies": {
        "pngjs": "^6.0.0",
        "read-pixels": "^0.2.1",
        "toab": "^2.2.0"
      }
    },
    "node_modules/toab": {
      "version": "2.2.0",
      "resolved": "https://registry.npmjs.org/toab/-/toab-2.2.0.tgz",
      "integrity": "sha512-tafrUhyhmPwljEG0zlNdWzhQGZLC5C41ix20FPMfZOSmd569H84X4CP34Iz3lp9icKP4rsQjZRkBZ1iW0tcZtQ=="
    }
  },
  "dependencies": {
    "flug": {
      "version": "0.0.0",
      "resolved": "https://registry.npmjs.org/flug/-/flug-0.0.0.tgz",
      "integrity": "sha512-gTVGq4akhHvjG6jfPsnhDraweN+WBwxYrCgn9ZqVv36Y+r/yj6TJwwV/BhSsBAQdHoBmB+TmgQRO0MoKQwUoWA==",
      "dev": true
    },
    "get-byte": {
      "version": "0.0.0",
      "resolved": "https://registry.npmjs.org/get-byte/-/get-byte-0.0.0.tgz",
      "integrity": "sha512-dFdDPbQR4zCgSxsmMEjVrLHtvSdTVqb2JUfcZ8KYhXUQD8eiE7uTgeHzse5K479Kd8IIRt6503+2gmQhahvJyg=="
    },
    "jpeg-js": {
      "version": "0.4.3",
      "resolved": "https://registry.npmjs.org/jpeg-js/-/jpeg-js-0.4.3.tgz",
      "integrity": "sha512-ru1HWKek8octvUHFHvE5ZzQ1yAsJmIvRdGWvSoKV52XKyuyYA437QWDttXT8eZXDSbuMpHlLzPDZUPd6idIz+Q=="
    },
    "pngjs": {
      "version": "6.0.0",
      "resolved": "https://registry.npmjs.org/pngjs/-/pngjs-6.0.0.tgz",
      "integrity": "sha512-TRzzuFRRmEoSW/p1KVAmiOgPco2Irlah+bGFCeNfJXxxYGwSw7YwAOAcd7X28K/m5bjBWKsC29KyoMfHbypayg=="
    },
    "read-jpg": {
      "version": "0.0.2",
      "resolved": "https://registry.npmjs.org/read-jpg/-/read-jpg-0.0.2.tgz",
      "integrity": "sha512-epb/BC8aDw7tKzpRAXijHA2IWvY4ATswaoAwlpg0LXKhyPob2QmcMbqfQqayM8fLzB/NShc57KNZd9hJtHk2QQ==",
      "requires": {
        "jpeg-js": "^0.4.2",
        "read-pixels": "^0.2.1",
        "toab": "^2.2.0"
      }
    },
    "read-pixels": {
      "version": "0.2.1",
      "resolved": "https://registry.npmjs.org/read-pixels/-/read-pixels-0.2.1.tgz",
      "integrity": "sha512-RXhVn32gc40fDedt6WKJkNuIc+DoP4DjH/ORXcVPeURyBcKIOW4JfSlqnryhB7PF8heeqhnPyG7odqI2ZVEcYA=="
    },
    "read-png": {
      "version": "0.0.1",
      "resolved": "https://registry.npmjs.org/read-png/-/read-png-0.0.1.tgz",
      "integrity": "sha512-drSovPN9mxxcqg6+44fyV0LKh94gUQCz6V2k7Pua7uKJ0JMR9ZQX5xZA2RRp/WwpHC9zjAwVHcYSFrlSbZzNiA==",
      "requires": {
        "pngjs": "^6.0.0",
        "read-pixels": "^0.2.1",
        "toab": "^2.2.0"
      }
    },
    "toab": {
      "version": "2.2.0",
      "resolved": "https://registry.npmjs.org/toab/-/toab-2.2.0.tgz",
      "integrity": "sha512-tafrUhyhmPwljEG0zlNdWzhQGZLC5C41ix20FPMfZOSmd569H84X4CP34Iz3lp9icKP4rsQjZRkBZ1iW0tcZtQ=="
    }
  }
}
